{
  "version": "2",
  "remote": {
    "https://cdn.skypack.dev/-/gl-matrix@v3.4.3-OSmwlRYK5GW1unkuAQkN/dist=es2019,mode=imports/optimized/gl-matrix.js": "66b1471ca193b1fb95b19a1ebc750d83ba2c8d6b0f69f31da7d5374b00692d51",
    "https://cdn.skypack.dev/-/gl-matrix@v3.4.3-OSmwlRYK5GW1unkuAQkN/dist=es2019,mode=types/index.d.ts": "a35f3e4f9fdaeb74cbd8b9bbf53e01dfc2b925b9f6a4882a3d4ddff710539990",
    "https://cdn.skypack.dev/gl-matrix@v3.4.3?dts": "21765ddd1efbdcbdfabbd4c2bb04c6a2a32acab8a09e68aa96766b50a7d84216",
    "https://deno.land/std@0.106.0/encoding/base64.ts": "eecae390f1f1d1cae6f6c6d732ede5276bf4b9cd29b1d281678c054dc5cc009e",
    "https://deno.land/std@0.190.0/fmt/colors.ts": "d67e3cd9f472535241a8e410d33423980bec45047e343577554d3356e1f0ef4e",
    "https://deno.land/std@0.190.0/testing/_diff.ts": "1a3c044aedf77647d6cac86b798c6417603361b66b54c53331b312caeb447aea",
    "https://deno.land/std@0.190.0/testing/_format.ts": "a69126e8a469009adf4cf2a50af889aca364c349797e63174884a52ff75cf4c7",
    "https://deno.land/std@0.190.0/testing/asserts.ts": "e16d98b4d73ffc4ed498d717307a12500ae4f2cbe668f1a215632d19fcffc22f",
    "https://deno.land/x/canvas@v1.4.1/deps.ts": "e956026d98094946166e06d7b799290b732db015813870d84e04e33ab88e98f3",
    "https://deno.land/x/canvas@v1.4.1/mod.ts": "a4e16972647ceafef58612a377a218372454c99d2c9da615a132694597114f80",
    "https://deno.land/x/canvas@v1.4.1/src/base64.ts": "0928031fdba0c43b617154fbe2eb7578366460c04da1422933ae5e936d3d0349",
    "https://deno.land/x/canvas@v1.4.1/src/canvas.ts": "58119999b04f68ebeed2627485c5c24c5b0c029707edde0b6568814f9049a3a8",
    "https://deno.land/x/canvas@v1.4.1/src/canvaskit.ts": "c3d807472cbb3e1d9fc01bb43ff974ef796c4b010178d1595be5fa793cce5e7d",
    "https://deno.land/x/canvas@v1.4.1/src/color_util.ts": "28f1072f0a5acbe7add7fac2f452311a47b44c080806fc4057de2d2e405c6c1c",
    "https://deno.land/x/canvas@v1.4.1/src/lib.js": "bb21711589bfbc8997b455cdf53e3150e23289f3b44809188041b1d2fc7924fa",
    "https://deno.land/x/canvas@v1.4.1/src/types.ts": "67d5800f8f4b0a407e0251676a03ae91b5f50a3ed53e6b72dc5984113cb93128",
    "https://deno.land/x/canvas@v1.4.1/src/wasm.js": "449d72cc14fc4142a5853f944df49a744d852981d09c5515528ede8aebb0afda",
    "https://esm.sh/gl-matrix@3.4.3": "2e4f6f9e0d1959da051740ad0a3336eac0d975f5409ef9821378e65ad278367c",
    "https://esm.sh/v119/gl-matrix@3.4.3/deno/gl-matrix.mjs": "6a6789c9943e38abfed68315b2dc367badf0e02c8bd414fd8b016a5a1220dc16"
  }
}
